
Microsoft Visual Studio Solution File, Format Version 12.00
# Visual Studio 14
VisualStudioVersion = 14.0.23107.0
MinimumVisualStudioVersion = 10.0.40219.1
Project("{FAE04EC0-301F-11D3-BF4B-00C04F79EFBC}") = "GridWarModel.Logic", "GridWarModel.Logic\GridWarModel.Logic.csproj", "{FA4A39A3-E58A-44D7-9432-F7199BA61B6D}"
EndProject
Project("{FAE04EC0-301F-11D3-BF4B-00C04F79EFBC}") = "GridWar.UnitTesting", "GridWar.UnitTesting\GridWar.UnitTesting.csproj", "{4BEB44FF-182C-43AC-ABD2-EE39CA8F26B2}"
EndProject
Project("{FAE04EC0-301F-11D3-BF4B-00C04F79EFBC}") = "GridWar.Run", "GridWar.Run\GridWar.Run.csproj", "{D22ABA03-840B-47FC-B7C4-6344EC81ACD1}"
	ProjectSection(ProjectDependencies) = postProject
		{FA4A39A3-E58A-44D7-9432-F7199BA61B6D} = {FA4A39A3-E58A-44D7-9432-F7199BA61B6D}
		{4BEB44FF-182C-43AC-ABD2-EE39CA8F26B2} = {4BEB44FF-182C-43AC-ABD2-EE39CA8F26B2}
	EndProjectSection
EndProject
Global
	GlobalSection(SolutionConfigurationPlatforms) = preSolution
		Debug|Any CPU = Debug|Any CPU
		Release|Any CPU = Release|Any CPU
	EndGlobalSection
	GlobalSection(ProjectConfigurationPlatforms) = postSolution
		{FA4A39A3-E58A-44D7-9432-F7199BA61B6D}.Debug|Any CPU.ActiveCfg = Debug|Any CPU
		{FA4A39A3-E58A-44D7-9432-F7199BA61B6D}.Debug|Any CPU.Build.0 = Debug|Any CPU
		{FA4A39A3-E58A-44D7-9432-F7199BA61B6D}.Release|Any CPU.ActiveCfg = Release|Any CPU
		{FA4A39A3-E58A-44D7-9432-F7199BA61B6D}.Release|Any CPU.Build.0 = Release|Any CPU
		{4BEB44FF-182C-43AC-ABD2-EE39CA8F26B2}.Debug|Any CPU.ActiveCfg = Debug|Any CPU
		{4BEB44FF-182C-43AC-ABD2-EE39CA8F26B2}.Debug|Any CPU.Build.0 = Debug|Any CPU
		{4BEB44FF-182C-43AC-ABD2-EE39CA8F26B2}.Release|Any CPU.ActiveCfg = Release|Any CPU
		{4BEB44FF-182C-43AC-ABD2-EE39CA8F26B2}.Release|Any CPU.Build.0 = Release|Any CPU
		{D22ABA03-840B-47FC-B7C4-6344EC81ACD1}.Debug|Any CPU.ActiveCfg = Debug|Any CPU
		{D22ABA03-840B-47FC-B7C4-6344EC81ACD1}.Debug|Any CPU.Build.0 = Debug|Any CPU
		{D22ABA03-840B-47FC-B7C4-6344EC81ACD1}.Release|Any CPU.ActiveCfg = Release|Any CPU
		{D22ABA03-840B-47FC-B7C4-6344EC81ACD1}.Release|Any CPU.Build.0 = Release|Any CPU
	EndGlobalSection
	GlobalSection(SolutionProperties) = preSolution
		HideSolutionNode = FALSE
	EndGlobalSection
EndGlobal
